# THIS IS AN AUTOGENERATED FILE. DO NOT EDIT THIS FILE DIRECTLY.
# yarn lockfile v1


bootstrap@3:
  version "3.3.7"
  resolved "http://r.cnpmjs.org/bootstrap/download/bootstrap-3.3.7.tgz#5a389394549f23330875a3b150656574f8a9eb71"

sortablejs@^1.7.0:
  version "1.7.0"
  resolved "http://r.cnpmjs.org/sortablejs/download/sortablejs-1.7.0.tgz#80a2b2370abd568e1cec8c271131ef30a904fa28"

vue@^2.5.17:
  version "2.5.17"
  resolved "http://r.cnpmjs.org/vue/download/vue-2.5.17.tgz#0f8789ad718be68ca1872629832ed533589c6ada"
